
Microsoft Visual Studio Solution File, Format Version 12.00
# Visual Studio 15
VisualStudioVersion = 15.0.28307.489
MinimumVisualStudioVersion = 10.0.40219.1
Project("{8BC9CEB8-8B4A-11D0-8D11-00A0C91BC942}") = "STL_Proj", "STL_Proj\STL_Proj.vcxproj", "{649C1F78-2432-41EB-B8B6-7FF24024E10B}"
EndProject
Global
	GlobalSection(SolutionConfigurationPlatforms) = preSolution
		Debug|x64 = Debug|x64
		Debug|x86 = Debug|x86
		Release|x64 = Release|x64
		Release|x86 = Release|x86
	EndGlobalSection
	GlobalSection(ProjectConfigurationPlatforms) = postSolution
		{649C1F78-2432-41EB-B8B6-7FF24024E10B}.Debug|x64.ActiveCfg = Debug|x64
		{649C1F78-2432-41EB-B8B6-7FF24024E10B}.Debug|x64.Build.0 = Debug|x64
		{649C1F78-2432-41EB-B8B6-7FF24024E10B}.Debug|x86.ActiveCfg = Debug|Win32
		{649C1F78-2432-41EB-B8B6-7FF24024E10B}.Debug|x86.Build.0 = Debug|Win32
		{649C1F78-2432-41EB-B8B6-7FF24024E10B}.Release|x64.ActiveCfg = Release|x64
		{649C1F78-2432-41EB-B8B6-7FF24024E10B}.Release|x64.Build.0 = Release|x64
		{649C1F78-2432-41EB-B8B6-7FF24024E10B}.Release|x86.ActiveCfg = Release|Win32
		{649C1F78-2432-41EB-B8B6-7FF24024E10B}.Release|x86.Build.0 = Release|Win32
	EndGlobalSection
	GlobalSection(SolutionProperties) = preSolution
		HideSolutionNode = FALSE
	EndGlobalSection
	GlobalSection(ExtensibilityGlobals) = postSolution
		SolutionGuid = {AB3F6FE1-8978-4CE7-9D06-FCFD623DA358}
	EndGlobalSection
EndGlobal
